
Microsoft Visual Studio Solution File, Format Version 12.00
# Visual Studio Version 17
VisualStudioVersion = 17.0.32112.339
MinimumVisualStudioVersion = 10.0.40219.1
Project("{FAE04EC0-301F-11D3-BF4B-00C04F79EFBC}") = "Graph", "Graph\Graph.csproj", "{B527C1B6-2C1F-4455-A4F4-5C0032EE1FA2}"
EndProject
Project("{FAE04EC0-301F-11D3-BF4B-00C04F79EFBC}") = "CryptLib", "CryptLib\CryptLib.csproj", "{E84E628D-46AA-435C-AFBA-9DACDD5D0551}"
EndProject
Global
	GlobalSection(SolutionConfigurationPlatforms) = preSolution
		Debug|Any CPU = Debug|Any CPU
		Release|Any CPU = Release|Any CPU
	EndGlobalSection
	GlobalSection(ProjectConfigurationPlatforms) = postSolution
		{B527C1B6-2C1F-4455-A4F4-5C0032EE1FA2}.Debug|Any CPU.ActiveCfg = Debug|Any CPU
		{B527C1B6-2C1F-4455-A4F4-5C0032EE1FA2}.Debug|Any CPU.Build.0 = Debug|Any CPU
		{B527C1B6-2C1F-4455-A4F4-5C0032EE1FA2}.Release|Any CPU.ActiveCfg = Release|Any CPU
		{B527C1B6-2C1F-4455-A4F4-5C0032EE1FA2}.Release|Any CPU.Build.0 = Release|Any CPU
		{E84E628D-46AA-435C-AFBA-9DACDD5D0551}.Debug|Any CPU.ActiveCfg = Debug|Any CPU
		{E84E628D-46AA-435C-AFBA-9DACDD5D0551}.Debug|Any CPU.Build.0 = Debug|Any CPU
		{E84E628D-46AA-435C-AFBA-9DACDD5D0551}.Release|Any CPU.ActiveCfg = Release|Any CPU
		{E84E628D-46AA-435C-AFBA-9DACDD5D0551}.Release|Any CPU.Build.0 = Release|Any CPU
	EndGlobalSection
	GlobalSection(SolutionProperties) = preSolution
		HideSolutionNode = FALSE
	EndGlobalSection
	GlobalSection(ExtensibilityGlobals) = postSolution
		SolutionGuid = {4EF1FF26-1656-4A03-87BC-2F96E8EFCA19}
	EndGlobalSection
EndGlobal
